// !$*UTF8*$!
{
	archiveVersion = 1;
	classes = {
	};
	objectVersion = 50;
	objects = {

/* Begin PBXBuildFile section */
		22676ABE21FA7C2400323DD4 /* SettingsViewController.swift in Sources */ = {isa = PBXBuildFile; fileRef = 22676ABD21FA7C2400323DD4 /* SettingsViewController.swift */; };
		226DCCAA21F99A4900DBC45E /* AppDelegate.swift in Sources */ = {isa = PBXBuildFile; fileRef = 226DCCA921F99A4900DBC45E /* AppDelegate.swift */; };
		226DCCAC21F99A4900DBC45E /* ViewController.swift in Sources */ = {isa = PBXBuildFile; fileRef = 226DCCAB21F99A4900DBC45E /* ViewController.swift */; };
		226DCCAF21F99A4900DBC45E /* Main.storyboard in Resources */ = {isa = PBXBuildFile; fileRef = 226DCCAD21F99A4900DBC45E /* Main.storyboard */; };
		226DCCB121F99A4F00DBC45E /* Assets.xcassets in Resources */ = {isa = PBXBuildFile; fileRef = 226DCCB021F99A4F00DBC45E /* Assets.xcassets */; };
		226DCCB421F99A4F00DBC45E /* LaunchScreen.storyboard in Resources */ = {isa = PBXBuildFile; fileRef = 226DCCB221F99A4F00DBC45E /* LaunchScreen.storyboard */; };
		226DCCBF21F99A5000DBC45E /* TippyTests.swift in Sources */ = {isa = PBXBuildFile; fileRef = 226DCCBE21F99A5000DBC45E /* TippyTests.swift */; };
		226DCCCA21F99A5000DBC45E /* TippyUITests.swift in Sources */ = {isa = PBXBuildFile; fileRef = 226DCCC921F99A5000DBC45E /* TippyUITests.swift */; };
/* End PBXBuildFile section */

/* Begin PBXContainerItemProxy section */
		226DCCBB21F99A5000DBC45E /* PBXContainerItemProxy */ = {
			isa = PBXContainerItemProxy;
			containerPortal = 226DCC9E21F99A4900DBC45E /* Project object */;
			proxyType = 1;
			remoteGlobalIDString = 226DCCA521F99A4900DBC45E;
			remoteInfo = Tippy;
		};
		226DCCC621F99A5000DBC45E /* PBXContainerItemProxy */ = {
			isa = PBXContainerItemProxy;
			containerPortal = 226DCC9E21F99A4900DBC45E /* Project object */;
			proxyType = 1;
			remoteGlobalIDString = 226DCCA521F99A4900DBC45E;
			remoteInfo = Tippy;
		};
/* End PBXContainerItemProxy section */

/* Begin PBXFileReference section */
		22676ABD21FA7C2400323DD4 /* SettingsViewController.swift */ = {isa = PBXFileReference; lastKnownFileType = sourcecode.swift; path = SettingsViewController.swift; sourceTree = "<group>"; };
		226DCCA621F99A4900DBC45E /* Tippy.app */ = {isa = PBXFileReference; explicitFileType = wrapper.application; includeInIndex = 0; path = Tippy.app; sourceTree = BUILT_PRODUCTS_DIR; };
		226DCCA921F99A4900DBC45E /* AppDelegate.swift */ = {isa = PBXFileReference; lastKnownFileType = sourcecode.swift; path = AppDelegate.swift; sourceTree = "<group>"; };
		226DCCAB21F99A4900DBC45E /* ViewController.swift */ = {isa = PBXFileReference; lastKnownFileType = sourcecode.swift; path = ViewController.swift; sourceTree = "<group>"; };
		226DCCAE21F99A4900DBC45E /* Base */ = {isa = PBXFileReference; lastKnownFileType = file.storyboard; name = Base; path = Base.lproj/Main.storyboard; sourceTree = "<group>"; };
		226DCCB021F99A4F00DBC45E /* Assets.xcassets */ = {isa = PBXFileReference; lastKnownFileType = folder.assetcatalog; path = Assets.xcassets; sourceTree = "<group>"; };
		226DCCB321F99A4F00DBC45E /* Base */ = {isa = PBXFileReference; lastKnownFileType = file.storyboard; name = Base; path = Base.lproj/LaunchScreen.storyboard; sourceTree = "<group>"; };
		226DCCB521F99A4F00DBC45E /* Info.plist */ = {isa = PBXFileReference; lastKnownFileType = text.plist.xml; path = Info.plist; sourceTree = "<group>"; };
		226DCCBA21F99A5000DBC45E /* TippyTests.xctest */ = {isa = PBXFileReference; explicitFileType = wrapper.cfbundle; includeInIndex = 0; path = TippyTests.xctest; sourceTree = BUILT_PRODUCTS_DIR; };
		226DCCBE21F99A5000DBC45E /* TippyTests.swift */ = {isa = PBXFileReference; lastKnownFileType = sourcecode.swift; path = TippyTests.swift; sourceTree = "<group>"; };
		226DCCC021F99A5000DBC45E /* Info.plist */ = {isa = PBXFileReference; lastKnownFileType = text.plist.xml; path = Info.plist; sourceTree = "<group>"; };
		226DCCC521F99A5000DBC45E /* TippyUITests.xctest */ = {isa = PBXFileReference; explicitFileType = wrapper.cfbundle; includeInIndex = 0; path = TippyUITests.xctest; sourceTree = BUILT_PRODUCTS_DIR; };
		226DCCC921F99A5000DBC45E /* TippyUITests.swift */ = {isa = PBXFileReference; lastKnownFileType = sourcecode.swift; path = TippyUITests.swift; sourceTree = "<group>"; };
		226DCCCB21F99A5000DBC45E /* Info.plist */ = {isa = PBXFileReference; lastKnownFileType = text.plist.xml; path = Info.plist; sourceTree = "<group>"; };
/* End PBXFileReference section */

/* Begin PBXFrameworksBuildPhase section */
		226DCCA321F99A4900DBC45E /* Frameworks */ = {
			isa = PBXFrameworksBuildPhase;
			buildActionMask = 2147483647;
			files = (
			);
			runOnlyForDeploymentPostprocessing = 0;
		};
		226DCCB721F99A5000DBC45E /* Frameworks */ = {
			isa = PBXFrameworksBuildPhase;
			buildActionMask = 2147483647;
			files = (
			);
			runOnlyForDeploymentPostprocessing = 0;
		};
		226DCCC221F99A5000DBC45E /* Frameworks */ = {
			isa = PBXFrameworksBuildPhase;
			buildActionMask = 2147483647;
			files = (
			);
			runOnlyForDeploymentPostprocessing = 0;
		};
/* End PBXFrameworksBuildPhase section */

/* Begin PBXGroup section */
		226DCC9D21F99A4900DBC45E = {
			isa = PBXGroup;
			children = (
				226DCCA821F99A4900DBC45E /* Tippy */,
				226DCCBD21F99A5000DBC45E /* TippyTests */,
				226DCCC821F99A5000DBC45E /* TippyUITests */,
				226DCCA721F99A4900DBC45E /* Products */,
			);
			sourceTree = "<group>";
		};
		226DCCA721F99A4900DBC45E /* Products */ = {
			isa = PBXGroup;
			children = (
				226DCCA621F99A4900DBC45E /* Tippy.app */,
				226DCCBA21F99A5000DBC45E /* TippyTests.xctest */,
				226DCCC521F99A5000DBC45E /* TippyUITests.xctest */,
			);
			name = Products;
			sourceTree = "<group>";
		};
		226DCCA821F99A4900DBC45E /* Tippy */ = {
			isa = PBXGroup;
			children = (
				226DCCA921F99A4900DBC45E /* AppDelegate.swift */,
				226DCCAB21F99A4900DBC45E /* ViewController.swift */,
				226DCCAD21F99A4900DBC45E /* Main.storyboard */,
				22676ABD21FA7C2400323DD4 /* SettingsViewController.swift */,
				226DCCB021F99A4F00DBC45E /* Assets.xcassets */,
				226DCCB221F99A4F00DBC45E /* LaunchScreen.storyboard */,
				226DCCB521F99A4F00DBC45E /* Info.plist */,
			);
			path = Tippy;
			sourceTree = "<group>";
		};
		226DCCBD21F99A5000DBC45E /* TippyTests */ = {
			isa = PBXGroup;
			children = (
				226DCCBE21F99A5000DBC45E /* TippyTests.swift */,
				226DCCC021F99A5000DBC45E /* Info.plist */,
			);
			path = TippyTests;
			sourceTree = "<group>";
		};
		226DCCC821F99A5000DBC45E /* TippyUITests */ = {
			isa = PBXGroup;
			children = (
				226DCCC921F99A5000DBC45E /* TippyUITests.swift */,
				226DCCCB21F99A5000DBC45E /* Info.plist */,
			);
			path = TippyUITests;
			sourceTree = "<group>";
		};
/* End PBXGroup section */

/* Begin PBXNativeTarget section */
		226DCCA521F99A4900DBC45E /* Tippy */ = {
			isa = PBXNativeTarget;
			buildConfigurationList = 226DCCCE21F99A5000DBC45E /* Build configuration list for PBXNativeTarget "Tippy" */;
			buildPhases = (
				226DCCA221F99A4900DBC45E /* Sources */,
				226DCCA321F99A4900DBC45E /* Frameworks */,
				226DCCA421F99A4900DBC45E /* Resources */,
			);
			buildRules = (
			);
			dependencies = (
			);
			name = Tippy;
			productName = Tippy;
			productReference = 226DCCA621F99A4900DBC45E /* Tippy.app */;
			productType = "com.apple.product-type.application";
		};
		226DCCB921F99A5000DBC45E /* TippyTests */ = {
			isa = PBXNativeTarget;
			buildConfigurationList = 226DCCD121F99A5000DBC45E /* Build configuration list for PBXNativeTarget "TippyTests" */;
			buildPhases = (
				226DCCB621F99A5000DBC45E /* Sources */,
				226DCCB721F99A5000DBC45E /* Frameworks */,
				226DCCB821F99A5000DBC45E /* Resources */,
			);
			buildRules = (
			);
			dependencies = (
				226DCCBC21F99A5000DBC45E /* PBXTargetDependency */,
			);
			name = TippyTests;
			productName = TippyTests;
			productReference = 226DCCBA21F99A5000DBC45E /* TippyTests.xctest */;
			productType = "com.apple.product-type.bundle.unit-test";
		};
		226DCCC421F99A5000DBC45E /* TippyUITests */ = {
			isa = PBXNativeTarget;
			buildConfigurationList = 226DCCD421F99A5000DBC45E /* Build configuration list for PBXNativeTarget "TippyUITests" */;
			buildPhases = (
				226DCCC121F99A5000DBC45E /* Sources */,
				226DCCC221F99A5000DBC45E /* Frameworks */,
				226DCCC321F99A5000DBC45E /* Resources */,
			);
			buildRules = (
			);
			dependencies = (
				226DCCC721F99A5000DBC45E /* PBXTargetDependency */,
			);
			name = TippyUITests;
			productName = TippyUITests;
			productReference = 226DCCC521F99A5000DBC45E /* TippyUITests.xctest */;
			productType = "com.apple.product-type.bundle.ui-testing";
		};
/* End PBXNativeTarget section */

/* Begin PBXProject section */
		226DCC9E21F99A4900DBC45E /* Project object */ = {
			isa = PBXProject;
			attributes = {
				LastSwiftUpdateCheck = 1010;
				LastUpgradeCheck = 1010;
				ORGANIZATIONNAME = "Daniel  Ochoa Aguila";
				TargetAttributes = {
					226DCCA521F99A4900DBC45E = {
						CreatedOnToolsVersion = 10.1;
					};
					226DCCB921F99A5000DBC45E = {
						CreatedOnToolsVersion = 10.1;
						TestTargetID = 226DCCA521F99A4900DBC45E;
					};
					226DCCC421F99A5000DBC45E = {
						CreatedOnToolsVersion = 10.1;
						TestTargetID = 226DCCA521F99A4900DBC45E;
					};
				};
			};
			buildConfigurationList = 226DCCA121F99A4900DBC45E /* Build configuration list for PBXProject "Tippy" */;
			compatibilityVersion = "Xcode 9.3";
			developmentRegion = en;
			hasScannedForEncodings = 0;
			knownRegions = (
				en,
				Base,
			);
			mainGroup = 226DCC9D21F99A4900DBC45E;
			productRefGroup = 226DCCA721F99A4900DBC45E /* Products */;
			projectDirPath = "";
			projectRoot = "";
			targets = (
				226DCCA521F99A4900DBC45E /* Tippy */,
				226DCCB921F99A5000DBC45E /* TippyTests */,
				226DCCC421F99A5000DBC45E /* TippyUITests */,
			);
		};
/* End PBXProject section */

/* Begin PBXResourcesBuildPhase section */
		226DCCA421F99A4900DBC45E /* Resources */ = {
			isa = PBXResourcesBuildPhase;
			buildActionMask = 2147483647;
			files = (
				226DCCB421F99A4F00DBC45E /* LaunchScreen.storyboard in Resources */,
				226DCCB121F99A4F00DBC45E /* Assets.xcassets in Resources */,
				226DCCAF21F99A4900DBC45E /* Main.storyboard in Resources */,
			);
			runOnlyForDeploymentPostprocessing = 0;
		};
		226DCCB821F99A5000DBC45E /* Resources */ = {
			isa = PBXResourcesBuildPhase;
			buildActionMask = 2147483647;
			files = (
			);
			runOnlyForDeploymentPostprocessing = 0;
		};
		226DCCC321F99A5000DBC45E /* Resources */ = {
			isa = PBXResourcesBuildPhase;
			buildActionMask = 2147483647;
			files = (
			);
			runOnlyForDeploymentPostprocessing = 0;
		};
/* End PBXResourcesBuildPhase section */

/* Begin PBXSourcesBuildPhase section */
		226DCCA221F99A4900DBC45E /* Sources */ = {
			isa = PBXSourcesBuildPhase;
			buildActionMask = 2147483647;
			files = (
				226DCCAC21F99A4900DBC45E /* ViewController.swift in Sources */,
				226DCCAA21F99A4900DBC45E /* AppDelegate.swift in Sources */,
				22676ABE21FA7C2400323DD4 /* SettingsViewController.swift in Sources */,
			);
			runOnlyForDeploymentPostprocessing = 0;
		};
		226DCCB621F99A5000DBC45E /* Sources */ = {
			isa = PBXSourcesBuildPhase;
			buildActionMask = 2147483647;
			files = (
				226DCCBF21F99A5000DBC45E /* TippyTests.swift in Sources */,
			);
			runOnlyForDeploymentPostprocessing = 0;
		};
		226DCCC121F99A5000DBC45E /* Sources */ = {
			isa = PBXSourcesBuildPhase;
			buildActionMask = 2147483647;
			files = (
				226DCCCA21F99A5000DBC45E /* TippyUITests.swift in Sources */,
			);
			runOnlyForDeploymentPostprocessing = 0;
		};
/* End PBXSourcesBuildPhase section */

/* Begin PBXTargetDependency section */
		226DCCBC21F99A5000DBC45E /* PBXTargetDependency */ = {
			isa = PBXTargetDependency;
			target = 226DCCA521F99A4900DBC45E /* Tippy */;
			targetProxy = 226DCCBB21F99A5000DBC45E /* PBXContainerItemProxy */;
		};
		226DCCC721F99A5000DBC45E /* PBXTargetDependency */ = {
			isa = PBXTargetDependency;
			target = 226DCCA521F99A4900DBC45E /* Tippy */;
			targetProxy = 226DCCC621F99A5000DBC45E /* PBXContainerItemProxy */;
		};
/* End PBXTargetDependency section */

/* Begin PBXVariantGroup section */
		226DCCAD21F99A4900DBC45E /* Main.storyboard */ = {
			isa = PBXVariantGroup;
			children = (
				226DCCAE21F99A4900DBC45E /* Base */,
			);
			name = Main.storyboard;
			sourceTree = "<group>";
		};
		226DCCB221F99A4F00DBC45E /* LaunchScreen.storyboard */ = {
			isa = PBXVariantGroup;
			children = (
				226DCCB321F99A4F00DBC45E /* Base */,
			);
			name = LaunchScreen.storyboard;
			sourceTree = "<group>";
		};
/* End PBXVariantGroup section */

/* Begin XCBuildConfiguration section */
		226DCCCC21F99A5000DBC45E /* Debug */ = {
			isa = XCBuildConfiguration;
			buildSettings = {
				ALWAYS_SEARCH_USER_PATHS = NO;
				CLANG_ANALYZER_NONNULL = YES;
				CLANG_ANALYZER_NUMBER_OBJECT_CONVERSION = YES_AGGRESSIVE;
				CLANG_CXX_LANGUAGE_STANDARD = "gnu++14";
				CLANG_CXX_LIBRARY = "libc++";
				CLANG_ENABLE_MODULES = YES;
				CLANG_ENABLE_OBJC_ARC = YES;
				CLANG_ENABLE_OBJC_WEAK = YES;
				CLANG_WARN_BLOCK_CAPTURE_AUTORELEASING = YES;
				CLANG_WARN_BOOL_CONVERSION = YES;
				CLANG_WARN_COMMA = YES;
				CLANG_WARN_CONSTANT_CONVERSION = YES;
				CLANG_WARN_DEPRECATED_OBJC_IMPLEMENTATIONS = YES;
				CLANG_WARN_DIRECT_OBJC_ISA_USAGE = YES_ERROR;
				CLANG_WARN_DOCUMENTATION_COMMENTS = YES;
				CLANG_WARN_EMPTY_BODY = YES;
				CLANG_WARN_ENUM_CONVERSION = YES;
				CLANG_WARN_INFINITE_RECURSION = YES;
				CLANG_WARN_INT_CONVERSION = YES;
				CLANG_WARN_NON_LITERAL_NULL_CONVERSION = YES;
				CLANG_WARN_OBJC_IMPLICIT_RETAIN_SELF = YES;
				CLANG_WARN_OBJC_LITERAL_CONVERSION = YES;
				CLANG_WARN_OBJC_ROOT_CLASS = YES_ERROR;
				CLANG_WARN_RANGE_LOOP_ANALYSIS = YES;
				CLANG_WARN_STRICT_PROTOTYPES = YES;
				CLANG_WARN_SUSPICIOUS_MOVE = YES;
				CLANG_WARN_UNGUARDED_AVAILABILITY = YES_AGGRESSIVE;
				CLANG_WARN_UNREACHABLE_CODE = YES;
				CLANG_WARN__DUPLICATE_METHOD_MATCH = YES;
				CODE_SIGN_IDENTITY = "iPhone Developer";
				COPY_PHASE_STRIP = NO;
				DEBUG_INFORMATION_FORMAT = dwarf;
				ENABLE_STRICT_OBJC_MSGSEND = YES;
				ENABLE_TESTABILITY = YES;
				GCC_C_LANGUAGE_STANDARD = gnu11;
				GCC_DYNAMIC_NO_PIC = NO;
				GCC_NO_COMMON_BLOCKS = YES;
				GCC_OPTIMIZATION_LEVEL = 0;
				GCC_PREPROCESSOR_DEFINITIONS = (
					"DEBUG=1",
					"$(inherited)",
				);
				GCC_WARN_64_TO_32_BIT_CONVERSION = YES;
				GCC_WARN_ABOUT_RETURN_TYPE = YES_ERROR;
				GCC_WARN_UNDECLARED_SELECTOR = YES;
				GCC_WARN_UNINITIALIZED_AUTOS = YES_AGGRESSIVE;
				GCC_WARN_UNUSED_FUNCTION = YES;
				GCC_WARN_UNUSED_VARIABLE = YES;
				IPHONEOS_DEPLOYMENT_TARGET = 12.1;
				MTL_ENABLE_DEBUG_INFO = INCLUDE_SOURCE;
				MTL_FAST_MATH = YES;
				ONLY_ACTIVE_ARCH = YES;
				SDKROOT = iphoneos;
				SWIFT_ACTIVE_COMPILATION_CONDITIONS = DEBUG;
				SWIFT_OPTIMIZATION_LEVEL = "-Onone";
			};
			name = Debug;
		};
		226DCCCD21F99A5000DBC45E /* Release */ = {
			isa = XCBuildConfiguration;
			buildSettings = {
				ALWAYS_SEARCH_USER_PATHS = NO;
				CLANG_ANALYZER_NONNULL = YES;
				CLANG_ANALYZER_NUMBER_OBJECT_CONVERSION = YES_AGGRESSIVE;
				CLANG_CXX_LANGUAGE_STANDARD = "gnu++14";
				CLANG_CXX_LIBRARY = "libc++";
				CLANG_ENABLE_MODULES = YES;
				CLANG_ENABLE_OBJC_ARC = YES;
				CLANG_ENABLE_OBJC_WEAK = YES;
				CLANG_WARN_BLOCK_CAPTURE_AUTORELEASING = YES;
				CLANG_WARN_BOOL_CONVERSION = YES;
				CLANG_WARN_COMMA = YES;
				CLANG_WARN_CONSTANT_CONVERSION = YES;
				CLANG_WARN_DEPRECATED_OBJC_IMPLEMENTATIONS = YES;
				CLANG_WARN_DIRECT_OBJC_ISA_USAGE = YES_ERROR;
				CLANG_WARN_DOCUMENTATION_COMMENTS = YES;
				CLANG_WARN_EMPTY_BODY = YES;
				CLANG_WARN_ENUM_CONVERSION = YES;
				CLANG_WARN_INFINITE_RECURSION = YES;
				CLANG_WARN_INT_CONVERSION = YES;
				CLANG_WARN_NON_LITERAL_NULL_CONVERSION = YES;
				CLANG_WARN_OBJC_IMPLICIT_RETAIN_SELF = YES;
				CLANG_WARN_OBJC_LITERAL_CONVERSION = YES;
				CLANG_WARN_OBJC_ROOT_CLASS = YES_ERROR;
				CLANG_WARN_RANGE_LOOP_ANALYSIS = YES;
				CLANG_WARN_STRICT_PROTOTYPES = YES;
				CLANG_WARN_SUSPICIOUS_MOVE = YES;
				CLANG_WARN_UNGUARDED_AVAILABILITY = YES_AGGRESSIVE;
				CLANG_WARN_UNREACHABLE_CODE = YES;
				CLANG_WARN__DUPLICATE_METHOD_MATCH = YES;
				CODE_SIGN_IDENTITY = "iPhone Developer";
				COPY_PHASE_STRIP = NO;
				DEBUG_INFORMATION_FORMAT = "dwarf-with-dsym";
				ENABLE_NS_ASSERTIONS = NO;
				ENABLE_STRICT_OBJC_MSGSEND = YES;
				GCC_C_LANGUAGE_STANDARD = gnu11;
				GCC_NO_COMMON_BLOCKS = YES;
				GCC_WARN_64_TO_32_BIT_CONVERSION = YES;
				GCC_WARN_ABOUT_RETURN_TYPE = YES_ERROR;
				GCC_WARN_UNDECLARED_SELECTOR = YES;
				GCC_WARN_UNINITIALIZED_AUTOS = YES_AGGRESSIVE;
				GCC_WARN_UNUSED_FUNCTION = YES;
				GCC_WARN_UNUSED_VARIABLE = YES;
				IPHONEOS_DEPLOYMENT_TARGET = 12.1;
				MTL_ENABLE_DEBUG_INFO = NO;
				MTL_FAST_MATH = YES;
				SDKROOT = iphoneos;
				SWIFT_COMPILATION_MODE = wholemodule;
				SWIFT_OPTIMIZATION_LEVEL = "-O";
				VALIDATE_PRODUCT = YES;
			};
			name = Release;
		};
		226DCCCF21F99A5000DBC45E /* Debug */ = {
			isa = XCBuildConfiguration;
			buildSettings = {
				ASSETCATALOG_COMPILER_APPICON_NAME = AppIcon;
				CODE_SIGN_STYLE = Automatic;
				DEVELOPMENT_TEAM = 8D22RN2CR3;
				INFOPLIST_FILE = Tippy/Info.plist;
				LD_RUNPATH_SEARCH_PATHS = (
					"$(inherited)",
					"@executable_path/Frameworks",
				);
				PRODUCT_BUNDLE_IDENTIFIER = csumb.cst495.Tippy;
				PRODUCT_NAME = "$(TARGET_NAME)";
				SWIFT_VERSION = 4.2;
				TARGETED_DEVICE_FAMILY = "1,2";
			};
			name = Debug;
		};
		226DCCD021F99A5000DBC45E /* Release */ = {
			isa = XCBuildConfiguration;
			buildSettings = {
				ASSETCATALOG_COMPILER_APPICON_NAME = AppIcon;
				CODE_SIGN_STYLE = Automatic;
				DEVELOPMENT_TEAM = 8D22RN2CR3;
				INFOPLIST_FILE = Tippy/Info.plist;
				LD_RUNPATH_SEARCH_PATHS = (
					"$(inherited)",
					"@executable_path/Frameworks",
				);
				PRODUCT_BUNDLE_IDENTIFIER = csumb.cst495.Tippy;
				PRODUCT_NAME = "$(TARGET_NAME)";
				SWIFT_VERSION = 4.2;
				TARGETED_DEVICE_FAMILY = "1,2";
			};
			name = Release;
		};
		226DCCD221F99A5000DBC45E /* Debug */ = {
			isa = XCBuildConfiguration;
			buildSettings = {
				ALWAYS_EMBED_SWIFT_STANDARD_LIBRARIES = YES;
				BUNDLE_LOADER = "$(TEST_HOST)";
				CODE_SIGN_STYLE = Automatic;
				DEVELOPMENT_TEAM = 8D22RN2CR3;
				INFOPLIST_FILE = TippyTests/Info.plist;
				LD_RUNPATH_SEARCH_PATHS = (
					"$(inherited)",
					"@executable_path/Frameworks",
					"@loader_path/Frameworks",
				);
				PRODUCT_BUNDLE_IDENTIFIER = csumb.cst495.TippyTests;
				PRODUCT_NAME = "$(TARGET_NAME)";
				SWIFT_VERSION = 4.2;
				TARGETED_DEVICE_FAMILY = "1,2";
				TEST_HOST = "$(BUILT_PRODUCTS_DIR)/Tippy.app/Tippy";
			};
			name = Debug;
		};
		226DCCD321F99A5000DBC45E /* Release */ = {
			isa = XCBuildConfiguration;
			buildSettings = {
				ALWAYS_EMBED_SWIFT_STANDARD_LIBRARIES = YES;
				BUNDLE_LOADER = "$(TEST_HOST)";
				CODE_SIGN_STYLE = Automatic;
				DEVELOPMENT_TEAM = 8D22RN2CR3;
				INFOPLIST_FILE = TippyTests/Info.plist;
				LD_RUNPATH_SEARCH_PATHS = (
					"$(inherited)",
					"@executable_path/Frameworks",
					"@loader_path/Frameworks",
				);
				PRODUCT_BUNDLE_IDENTIFIER = csumb.cst495.TippyTests;
				PRODUCT_NAME = "$(TARGET_NAME)";
				SWIFT_VERSION = 4.2;
				TARGETED_DEVICE_FAMILY = "1,2";
				TEST_HOST = "$(BUILT_PRODUCTS_DIR)/Tippy.app/Tippy";
			};
			name = Release;
		};
		226DCCD521F99A5000DBC45E /* Debug */ = {
			isa = XCBuildConfiguration;
			buildSettings = {
				ALWAYS_EMBED_SWIFT_STANDARD_LIBRARIES = YES;
				CODE_SIGN_STYLE = Automatic;
				DEVELOPMENT_TEAM = 8D22RN2CR3;
				INFOPLIST_FILE = TippyUITests/Info.plist;
				LD_RUNPATH_SEARCH_PATHS = (
					"$(inherited)",
					"@executable_path/Frameworks",
					"@loader_path/Frameworks",
				);
				PRODUCT_BUNDLE_IDENTIFIER = csumb.cst495.TippyUITests;
				PRODUCT_NAME = "$(TARGET_NAME)";
				SWIFT_VERSION = 4.2;
				TARGETED_DEVICE_FAMILY = "1,2";
				TEST_TARGET_NAME = Tippy;
			};
			name = Debug;
		};
		226DCCD621F99A5000DBC45E /* Release */ = {
			isa = XCBuildConfiguration;
			buildSettings = {
				ALWAYS_EMBED_SWIFT_STANDARD_LIBRARIES = YES;
				CODE_SIGN_STYLE = Automatic;
				DEVELOPMENT_TEAM = 8D22RN2CR3;
				INFOPLIST_FILE = TippyUITests/Info.plist;
				LD_RUNPATH_SEARCH_PATHS = (
					"$(inherited)",
					"@executable_path/Frameworks",
					"@loader_path/Frameworks",
				);
				PRODUCT_BUNDLE_IDENTIFIER = csumb.cst495.TippyUITests;
				PRODUCT_NAME = "$(TARGET_NAME)";
				SWIFT_VERSION = 4.2;
				TARGETED_DEVICE_FAMILY = "1,2";
				TEST_TARGET_NAME = Tippy;
			};
			name = Release;
		};
/* End XCBuildConfiguration section */

/* Begin XCConfigurationList section */
		226DCCA121F99A4900DBC45E /* Build configuration list for PBXProject "Tippy" */ = {
			isa = XCConfigurationList;
			buildConfigurations = (
				226DCCCC21F99A5000DBC45E /* Debug */,
				226DCCCD21F99A5000DBC45E /* Release */,
			);
			defaultConfigurationIsVisible = 0;
			defaultConfigurationName = Release;
		};
		226DCCCE21F99A5000DBC45E /* Build configuration list for PBXNativeTarget "Tippy" */ = {
			isa = XCConfigurationList;
			buildConfigurations = (
				226DCCCF21F99A5000DBC45E /* Debug */,
				226DCCD021F99A5000DBC45E /* Release */,
			);
			defaultConfigurationIsVisible = 0;
			defaultConfigurationName = Release;
		};
		226DCCD121F99A5000DBC45E /* Build configuration list for PBXNativeTarget "TippyTests" */ = {
			isa = XCConfigurationList;
			buildConfigurations = (
				226DCCD221F99A5000DBC45E /* Debug */,
				226DCCD321F99A5000DBC45E /* Release */,
			);
			defaultConfigurationIsVisible = 0;
			defaultConfigurationName = Release;
		};
		226DCCD421F99A5000DBC45E /* Build configuration list for PBXNativeTarget "TippyUITests" */ = {
			isa = XCConfigurationList;
			buildConfigurations = (
				226DCCD521F99A5000DBC45E /* Debug */,
				226DCCD621F99A5000DBC45E /* Release */,
			);
			defaultConfigurationIsVisible = 0;
			defaultConfigurationName = Release;
		};
/* End XCConfigurationList section */
	};
	rootObject = 226DCC9E21F99A4900DBC45E /* Project object */;
}
